
Microsoft Visual Studio Solution File, Format Version 12.00
# Visual Studio 15
VisualStudioVersion = 15.0.26730.16
MinimumVisualStudioVersion = 10.0.40219.1
Project("{FAE04EC0-301F-11D3-BF4B-00C04F79EFBC}") = "LSP", "LSP\LSP.csproj", "{748580DD-F369-440D-8DD5-31BF989B94F3}"
EndProject
Global
	GlobalSection(SolutionConfigurationPlatforms) = preSolution
		Debug|Any CPU = Debug|Any CPU
		Release|Any CPU = Release|Any CPU
	EndGlobalSection
	GlobalSection(ProjectConfigurationPlatforms) = postSolution
		{748580DD-F369-440D-8DD5-31BF989B94F3}.Debug|Any CPU.ActiveCfg = Debug|Any CPU
		{748580DD-F369-440D-8DD5-31BF989B94F3}.Debug|Any CPU.Build.0 = Debug|Any CPU
		{748580DD-F369-440D-8DD5-31BF989B94F3}.Release|Any CPU.ActiveCfg = Release|Any CPU
		{748580DD-F369-440D-8DD5-31BF989B94F3}.Release|Any CPU.Build.0 = Release|Any CPU
	EndGlobalSection
	GlobalSection(SolutionProperties) = preSolution
		HideSolutionNode = FALSE
	EndGlobalSection
	GlobalSection(ExtensibilityGlobals) = postSolution
		SolutionGuid = {A321590E-3589-4837-9F2F-623DC4DEDBCC}
	EndGlobalSection
EndGlobal
